
Microsoft Visual Studio Solution File, Format Version 12.00
# Visual Studio Version 17
VisualStudioVersion = 17.11.35312.102
MinimumVisualStudioVersion = 10.0.40219.1
Project("{FAE04EC0-301F-11D3-BF4B-00C04F79EFBC}") = "project1", "project1\project1.csproj", "{83B5A15F-4F83-4E21-9184-F4778B49E0CC}"
EndProject
Global
	GlobalSection(SolutionConfigurationPlatforms) = preSolution
		Debug|Any CPU = Debug|Any CPU
		Release|Any CPU = Release|Any CPU
	EndGlobalSection
	GlobalSection(ProjectConfigurationPlatforms) = postSolution
		{83B5A15F-4F83-4E21-9184-F4778B49E0CC}.Debug|Any CPU.ActiveCfg = Debug|Any CPU
		{83B5A15F-4F83-4E21-9184-F4778B49E0CC}.Debug|Any CPU.Build.0 = Debug|Any CPU
		{83B5A15F-4F83-4E21-9184-F4778B49E0CC}.Release|Any CPU.ActiveCfg = Release|Any CPU
		{83B5A15F-4F83-4E21-9184-F4778B49E0CC}.Release|Any CPU.Build.0 = Release|Any CPU
	EndGlobalSection
	GlobalSection(SolutionProperties) = preSolution
		HideSolutionNode = FALSE
	EndGlobalSection
	GlobalSection(ExtensibilityGlobals) = postSolution
		SolutionGuid = {0B17965C-1FAC-47C7-B0AC-485D56BC6BE1}
	EndGlobalSection
EndGlobal
